
Microsoft Visual Studio Solution File, Format Version 12.00
# Visual Studio Version 17
VisualStudioVersion = 17.0.31903.59
MinimumVisualStudioVersion = 10.0.40219.1
Project("{2150E333-8FDC-42A3-9474-1A3956D46DE8}") = "FrontEnd", "FrontEnd", "{AC13C6A0-67DA-4B16-B7A2-F1EC2FD9CFDE}"
	ProjectSection(SolutionItems) = preProject
		GeekShopping.sln = GeekShopping.sln
	EndProjectSection
EndProject
Project("{FAE04EC0-301F-11D3-BF4B-00C04F79EFBC}") = "GeekShopping.Web", "GeekShopping.Web\GeekShopping.Web.csproj", "{07BA7CEE-637C-4557-914B-2F52819C6A01}"
EndProject
Project("{2150E333-8FDC-42A3-9474-1A3956D46DE8}") = "Services", "Services", "{E3A9E173-D48D-4DF5-A985-A5EF5EEAEEE8}"
	ProjectSection(SolutionItems) = preProject
		GeekShopping.sln = GeekShopping.sln
	EndProjectSection
EndProject
Project("{FAE04EC0-301F-11D3-BF4B-00C04F79EFBC}") = "GeekShopping.Services.ProductApi", "Services\GeekShopping.Services.ProductApi\GeekShopping.Services.ProductApi.csproj", "{73316EFE-FB42-4D3A-920D-82F034F0E4B5}"
EndProject
Project("{FAE04EC0-301F-11D3-BF4B-00C04F79EFBC}") = "GeekShopping.IdentityServer", "Services\GeekShopping.IdentityServer\GeekShopping.IdentityServer.csproj", "{D8D2967D-B8CD-4553-A1DD-BFD00C425EF9}"
EndProject
Project("{FAE04EC0-301F-11D3-BF4B-00C04F79EFBC}") = "GeekShopping.CartApi", "Services\GeekShopping.CartApi\GeekShopping.CartApi.csproj", "{66BD7767-1CD1-45BA-9D13-01BF970ABC8B}"
EndProject
Project("{FAE04EC0-301F-11D3-BF4B-00C04F79EFBC}") = "GeekShopping.CouponApi", "Services\GeekShopping.CouponApi\GeekShopping.CouponApi.csproj", "{AE030B50-959A-4244-A5B4-112CBA151346}"
EndProject
Project("{FAE04EC0-301F-11D3-BF4B-00C04F79EFBC}") = "GeekShopping.MessageBus", "GeekShopping.MessageBus\GeekShopping.MessageBus.csproj", "{2943AEC4-50B3-4734-B0A6-48167CE1086A}"
EndProject
Project("{FAE04EC0-301F-11D3-BF4B-00C04F79EFBC}") = "GeekShopping.OrderApi", "Services\GeekShopping.OrderApi\GeekShopping.OrderApi.csproj", "{F45955D9-8686-4F84-92F2-30224DDE7F20}"
EndProject
Project("{FAE04EC0-301F-11D3-BF4B-00C04F79EFBC}") = "Payments/GeekShopping.PaymentProcessor", "Payments\GeekShopping.PaymentProcessor\GeekShopping.PaymentProcessor.csproj", "{AFDB6DBB-D125-4CCF-9BF5-4D0619052249}"
EndProject
Project("{2150E333-8FDC-42A3-9474-1A3956D46DE8}") = "Payments", "Payments", "{B910441F-3420-4FD6-95F3-4874AEE1CE37}"
EndProject
Project("{FAE04EC0-301F-11D3-BF4B-00C04F79EFBC}") = "GeekShopping.PaymentApi", "Services\GeekShopping.PaymentApi\GeekShopping.PaymentApi.csproj", "{0D3135FE-0372-4A85-9B93-215CA2DA9C5C}"
EndProject
Project("{FAE04EC0-301F-11D3-BF4B-00C04F79EFBC}") = "GeekShopping.Email", "Services/GeekShopping.Email\GeekShopping.Email.csproj", "{635F5CF7-AFD7-4AA8-970A-B8FF6D0A7D28}"
EndProject
Global
	GlobalSection(SolutionConfigurationPlatforms) = preSolution
		Debug|Any CPU = Debug|Any CPU
		Release|Any CPU = Release|Any CPU
	EndGlobalSection
	GlobalSection(SolutionProperties) = preSolution
		HideSolutionNode = FALSE
	EndGlobalSection
	GlobalSection(ProjectConfigurationPlatforms) = postSolution
		{07BA7CEE-637C-4557-914B-2F52819C6A01}.Debug|Any CPU.ActiveCfg = Debug|Any CPU
		{07BA7CEE-637C-4557-914B-2F52819C6A01}.Debug|Any CPU.Build.0 = Debug|Any CPU
		{07BA7CEE-637C-4557-914B-2F52819C6A01}.Release|Any CPU.ActiveCfg = Release|Any CPU
		{07BA7CEE-637C-4557-914B-2F52819C6A01}.Release|Any CPU.Build.0 = Release|Any CPU
		{E352706E-EBD1-411B-AA08-01111739D458}.Debug|Any CPU.ActiveCfg = Debug|Any CPU
		{E352706E-EBD1-411B-AA08-01111739D458}.Debug|Any CPU.Build.0 = Debug|Any CPU
		{E352706E-EBD1-411B-AA08-01111739D458}.Release|Any CPU.ActiveCfg = Release|Any CPU
		{E352706E-EBD1-411B-AA08-01111739D458}.Release|Any CPU.Build.0 = Release|Any CPU
		{73316EFE-FB42-4D3A-920D-82F034F0E4B5}.Debug|Any CPU.ActiveCfg = Debug|Any CPU
		{73316EFE-FB42-4D3A-920D-82F034F0E4B5}.Debug|Any CPU.Build.0 = Debug|Any CPU
		{73316EFE-FB42-4D3A-920D-82F034F0E4B5}.Release|Any CPU.ActiveCfg = Release|Any CPU
		{73316EFE-FB42-4D3A-920D-82F034F0E4B5}.Release|Any CPU.Build.0 = Release|Any CPU
		{D8D2967D-B8CD-4553-A1DD-BFD00C425EF9}.Debug|Any CPU.ActiveCfg = Debug|Any CPU
		{D8D2967D-B8CD-4553-A1DD-BFD00C425EF9}.Debug|Any CPU.Build.0 = Debug|Any CPU
		{D8D2967D-B8CD-4553-A1DD-BFD00C425EF9}.Release|Any CPU.ActiveCfg = Release|Any CPU
		{D8D2967D-B8CD-4553-A1DD-BFD00C425EF9}.Release|Any CPU.Build.0 = Release|Any CPU
		{66BD7767-1CD1-45BA-9D13-01BF970ABC8B}.Debug|Any CPU.ActiveCfg = Debug|Any CPU
		{66BD7767-1CD1-45BA-9D13-01BF970ABC8B}.Debug|Any CPU.Build.0 = Debug|Any CPU
		{66BD7767-1CD1-45BA-9D13-01BF970ABC8B}.Release|Any CPU.ActiveCfg = Release|Any CPU
		{66BD7767-1CD1-45BA-9D13-01BF970ABC8B}.Release|Any CPU.Build.0 = Release|Any CPU
		{AE030B50-959A-4244-A5B4-112CBA151346}.Debug|Any CPU.ActiveCfg = Debug|Any CPU
		{AE030B50-959A-4244-A5B4-112CBA151346}.Debug|Any CPU.Build.0 = Debug|Any CPU
		{AE030B50-959A-4244-A5B4-112CBA151346}.Release|Any CPU.ActiveCfg = Release|Any CPU
		{AE030B50-959A-4244-A5B4-112CBA151346}.Release|Any CPU.Build.0 = Release|Any CPU
		{2943AEC4-50B3-4734-B0A6-48167CE1086A}.Debug|Any CPU.ActiveCfg = Debug|Any CPU
		{2943AEC4-50B3-4734-B0A6-48167CE1086A}.Debug|Any CPU.Build.0 = Debug|Any CPU
		{2943AEC4-50B3-4734-B0A6-48167CE1086A}.Release|Any CPU.ActiveCfg = Release|Any CPU
		{2943AEC4-50B3-4734-B0A6-48167CE1086A}.Release|Any CPU.Build.0 = Release|Any CPU
		{F45955D9-8686-4F84-92F2-30224DDE7F20}.Debug|Any CPU.ActiveCfg = Debug|Any CPU
		{F45955D9-8686-4F84-92F2-30224DDE7F20}.Debug|Any CPU.Build.0 = Debug|Any CPU
		{F45955D9-8686-4F84-92F2-30224DDE7F20}.Release|Any CPU.ActiveCfg = Release|Any CPU
		{F45955D9-8686-4F84-92F2-30224DDE7F20}.Release|Any CPU.Build.0 = Release|Any CPU
		{AFDB6DBB-D125-4CCF-9BF5-4D0619052249}.Debug|Any CPU.ActiveCfg = Debug|Any CPU
		{AFDB6DBB-D125-4CCF-9BF5-4D0619052249}.Debug|Any CPU.Build.0 = Debug|Any CPU
		{AFDB6DBB-D125-4CCF-9BF5-4D0619052249}.Release|Any CPU.ActiveCfg = Release|Any CPU
		{AFDB6DBB-D125-4CCF-9BF5-4D0619052249}.Release|Any CPU.Build.0 = Release|Any CPU
		{0D3135FE-0372-4A85-9B93-215CA2DA9C5C}.Debug|Any CPU.ActiveCfg = Debug|Any CPU
		{0D3135FE-0372-4A85-9B93-215CA2DA9C5C}.Debug|Any CPU.Build.0 = Debug|Any CPU
		{0D3135FE-0372-4A85-9B93-215CA2DA9C5C}.Release|Any CPU.ActiveCfg = Release|Any CPU
		{0D3135FE-0372-4A85-9B93-215CA2DA9C5C}.Release|Any CPU.Build.0 = Release|Any CPU
		{635F5CF7-AFD7-4AA8-970A-B8FF6D0A7D28}.Debug|Any CPU.ActiveCfg = Debug|Any CPU
		{635F5CF7-AFD7-4AA8-970A-B8FF6D0A7D28}.Debug|Any CPU.Build.0 = Debug|Any CPU
		{635F5CF7-AFD7-4AA8-970A-B8FF6D0A7D28}.Release|Any CPU.ActiveCfg = Release|Any CPU
		{635F5CF7-AFD7-4AA8-970A-B8FF6D0A7D28}.Release|Any CPU.Build.0 = Release|Any CPU
	EndGlobalSection
	GlobalSection(NestedProjects) = preSolution
		{AFDB6DBB-D125-4CCF-9BF5-4D0619052249} = {B910441F-3420-4FD6-95F3-4874AEE1CE37}
		{F45955D9-8686-4F84-92F2-30224DDE7F20} = {E3A9E173-D48D-4DF5-A985-A5EF5EEAEEE8}
		{AE030B50-959A-4244-A5B4-112CBA151346} = {E3A9E173-D48D-4DF5-A985-A5EF5EEAEEE8}
		{66BD7767-1CD1-45BA-9D13-01BF970ABC8B} = {E3A9E173-D48D-4DF5-A985-A5EF5EEAEEE8}
		{D8D2967D-B8CD-4553-A1DD-BFD00C425EF9} = {E3A9E173-D48D-4DF5-A985-A5EF5EEAEEE8}
		{07BA7CEE-637C-4557-914B-2F52819C6A01} = {AC13C6A0-67DA-4B16-B7A2-F1EC2FD9CFDE}
		{73316EFE-FB42-4D3A-920D-82F034F0E4B5} = {E3A9E173-D48D-4DF5-A985-A5EF5EEAEEE8}
	EndGlobalSection
EndGlobal
